// !$*UTF8*$!
{
	archiveVersion = 1;
	classes = {
	};
	objectVersion = 50;
	objects = {

/* Begin PBXBuildFile section */
		4E725A6520E14F15001CA274 /* AppDelegate.swift in Sources */ = {isa = PBXBuildFile; fileRef = 4E725A6420E14F15001CA274 /* AppDelegate.swift */; };
		4E725A6720E14F15001CA274 /* ViewController.swift in Sources */ = {isa = PBXBuildFile; fileRef = 4E725A6620E14F15001CA274 /* ViewController.swift */; };
		4E725A6A20E14F15001CA274 /* Main.storyboard in Resources */ = {isa = PBXBuildFile; fileRef = 4E725A6820E14F15001CA274 /* Main.storyboard */; };
		4E725A6C20E14F17001CA274 /* Assets.xcassets in Resources */ = {isa = PBXBuildFile; fileRef = 4E725A6B20E14F17001CA274 /* Assets.xcassets */; };
		4E725A6F20E14F17001CA274 /* LaunchScreen.storyboard in Resources */ = {isa = PBXBuildFile; fileRef = 4E725A6D20E14F17001CA274 /* LaunchScreen.storyboard */; };
		4E725A7A20E14F17001CA274 /* Pokedex3Tests.swift in Sources */ = {isa = PBXBuildFile; fileRef = 4E725A7920E14F17001CA274 /* Pokedex3Tests.swift */; };
		4E725A8520E14F17001CA274 /* Pokedex3UITests.swift in Sources */ = {isa = PBXBuildFile; fileRef = 4E725A8420E14F17001CA274 /* Pokedex3UITests.swift */; };
/* End PBXBuildFile section */

/* Begin PBXContainerItemProxy section */
		4E725A7620E14F17001CA274 /* PBXContainerItemProxy */ = {
			isa = PBXContainerItemProxy;
			containerPortal = 4E725A5920E14F15001CA274 /* Project object */;
			proxyType = 1;
			remoteGlobalIDString = 4E725A6020E14F15001CA274;
			remoteInfo = Pokedex3;
		};
		4E725A8120E14F17001CA274 /* PBXContainerItemProxy */ = {
			isa = PBXContainerItemProxy;
			containerPortal = 4E725A5920E14F15001CA274 /* Project object */;
			proxyType = 1;
			remoteGlobalIDString = 4E725A6020E14F15001CA274;
			remoteInfo = Pokedex3;
		};
/* End PBXContainerItemProxy section */

/* Begin PBXFileReference section */
		4E725A6120E14F15001CA274 /* Pokedex3.app */ = {isa = PBXFileReference; explicitFileType = wrapper.application; includeInIndex = 0; path = Pokedex3.app; sourceTree = BUILT_PRODUCTS_DIR; };
		4E725A6420E14F15001CA274 /* AppDelegate.swift */ = {isa = PBXFileReference; lastKnownFileType = sourcecode.swift; path = AppDelegate.swift; sourceTree = "<group>"; };
		4E725A6620E14F15001CA274 /* ViewController.swift */ = {isa = PBXFileReference; lastKnownFileType = sourcecode.swift; path = ViewController.swift; sourceTree = "<group>"; };
		4E725A6920E14F15001CA274 /* Base */ = {isa = PBXFileReference; lastKnownFileType = file.storyboard; name = Base; path = Base.lproj/Main.storyboard; sourceTree = "<group>"; };
		4E725A6B20E14F17001CA274 /* Assets.xcassets */ = {isa = PBXFileReference; lastKnownFileType = folder.assetcatalog; path = Assets.xcassets; sourceTree = "<group>"; };
		4E725A6E20E14F17001CA274 /* Base */ = {isa = PBXFileReference; lastKnownFileType = file.storyboard; name = Base; path = Base.lproj/LaunchScreen.storyboard; sourceTree = "<group>"; };
		4E725A7020E14F17001CA274 /* Info.plist */ = {isa = PBXFileReference; lastKnownFileType = text.plist.xml; path = Info.plist; sourceTree = "<group>"; };
		4E725A7520E14F17001CA274 /* Pokedex3Tests.xctest */ = {isa = PBXFileReference; explicitFileType = wrapper.cfbundle; includeInIndex = 0; path = Pokedex3Tests.xctest; sourceTree = BUILT_PRODUCTS_DIR; };
		4E725A7920E14F17001CA274 /* Pokedex3Tests.swift */ = {isa = PBXFileReference; lastKnownFileType = sourcecode.swift; path = Pokedex3Tests.swift; sourceTree = "<group>"; };
		4E725A7B20E14F17001CA274 /* Info.plist */ = {isa = PBXFileReference; lastKnownFileType = text.plist.xml; path = Info.plist; sourceTree = "<group>"; };
		4E725A8020E14F17001CA274 /* Pokedex3UITests.xctest */ = {isa = PBXFileReference; explicitFileType = wrapper.cfbundle; includeInIndex = 0; path = Pokedex3UITests.xctest; sourceTree = BUILT_PRODUCTS_DIR; };
		4E725A8420E14F17001CA274 /* Pokedex3UITests.swift */ = {isa = PBXFileReference; lastKnownFileType = sourcecode.swift; path = Pokedex3UITests.swift; sourceTree = "<group>"; };
		4E725A8620E14F17001CA274 /* Info.plist */ = {isa = PBXFileReference; lastKnownFileType = text.plist.xml; path = Info.plist; sourceTree = "<group>"; };
/* End PBXFileReference section */

/* Begin PBXFrameworksBuildPhase section */
		4E725A5E20E14F15001CA274 /* Frameworks */ = {
			isa = PBXFrameworksBuildPhase;
			buildActionMask = 2147483647;
			files = (
			);
			runOnlyForDeploymentPostprocessing = 0;
		};
		4E725A7220E14F17001CA274 /* Frameworks */ = {
			isa = PBXFrameworksBuildPhase;
			buildActionMask = 2147483647;
			files = (
			);
			runOnlyForDeploymentPostprocessing = 0;
		};
		4E725A7D20E14F17001CA274 /* Frameworks */ = {
			isa = PBXFrameworksBuildPhase;
			buildActionMask = 2147483647;
			files = (
			);
			runOnlyForDeploymentPostprocessing = 0;
		};
/* End PBXFrameworksBuildPhase section */

/* Begin PBXGroup section */
		4E725A5820E14F15001CA274 = {
			isa = PBXGroup;
			children = (
				4E725A6320E14F15001CA274 /* Pokedex3 */,
				4E725A7820E14F17001CA274 /* Pokedex3Tests */,
				4E725A8320E14F17001CA274 /* Pokedex3UITests */,
				4E725A6220E14F15001CA274 /* Products */,
			);
			sourceTree = "<group>";
		};
		4E725A6220E14F15001CA274 /* Products */ = {
			isa = PBXGroup;
			children = (
				4E725A6120E14F15001CA274 /* Pokedex3.app */,
				4E725A7520E14F17001CA274 /* Pokedex3Tests.xctest */,
				4E725A8020E14F17001CA274 /* Pokedex3UITests.xctest */,
			);
			name = Products;
			sourceTree = "<group>";
		};
		4E725A6320E14F15001CA274 /* Pokedex3 */ = {
			isa = PBXGroup;
			children = (
				4E725A6420E14F15001CA274 /* AppDelegate.swift */,
				4E725A6620E14F15001CA274 /* ViewController.swift */,
				4E725A6820E14F15001CA274 /* Main.storyboard */,
				4E725A6B20E14F17001CA274 /* Assets.xcassets */,
				4E725A6D20E14F17001CA274 /* LaunchScreen.storyboard */,
				4E725A7020E14F17001CA274 /* Info.plist */,
			);
			path = Pokedex3;
			sourceTree = "<group>";
		};
		4E725A7820E14F17001CA274 /* Pokedex3Tests */ = {
			isa = PBXGroup;
			children = (
				4E725A7920E14F17001CA274 /* Pokedex3Tests.swift */,
				4E725A7B20E14F17001CA274 /* Info.plist */,
			);
			path = Pokedex3Tests;
			sourceTree = "<group>";
		};
		4E725A8320E14F17001CA274 /* Pokedex3UITests */ = {
			isa = PBXGroup;
			children = (
				4E725A8420E14F17001CA274 /* Pokedex3UITests.swift */,
				4E725A8620E14F17001CA274 /* Info.plist */,
			);
			path = Pokedex3UITests;
			sourceTree = "<group>";
		};
/* End PBXGroup section */

/* Begin PBXNativeTarget section */
		4E725A6020E14F15001CA274 /* Pokedex3 */ = {
			isa = PBXNativeTarget;
			buildConfigurationList = 4E725A8920E14F17001CA274 /* Build configuration list for PBXNativeTarget "Pokedex3" */;
			buildPhases = (
				4E725A5D20E14F15001CA274 /* Sources */,
				4E725A5E20E14F15001CA274 /* Frameworks */,
				4E725A5F20E14F15001CA274 /* Resources */,
			);
			buildRules = (
			);
			dependencies = (
			);
			name = Pokedex3;
			productName = Pokedex3;
			productReference = 4E725A6120E14F15001CA274 /* Pokedex3.app */;
			productType = "com.apple.product-type.application";
		};
		4E725A7420E14F17001CA274 /* Pokedex3Tests */ = {
			isa = PBXNativeTarget;
			buildConfigurationList = 4E725A8C20E14F17001CA274 /* Build configuration list for PBXNativeTarget "Pokedex3Tests" */;
			buildPhases = (
				4E725A7120E14F17001CA274 /* Sources */,
				4E725A7220E14F17001CA274 /* Frameworks */,
				4E725A7320E14F17001CA274 /* Resources */,
			);
			buildRules = (
			);
			dependencies = (
				4E725A7720E14F17001CA274 /* PBXTargetDependency */,
			);
			name = Pokedex3Tests;
			productName = Pokedex3Tests;
			productReference = 4E725A7520E14F17001CA274 /* Pokedex3Tests.xctest */;
			productType = "com.apple.product-type.bundle.unit-test";
		};
		4E725A7F20E14F17001CA274 /* Pokedex3UITests */ = {
			isa = PBXNativeTarget;
			buildConfigurationList = 4E725A8F20E14F17001CA274 /* Build configuration list for PBXNativeTarget "Pokedex3UITests" */;
			buildPhases = (
				4E725A7C20E14F17001CA274 /* Sources */,
				4E725A7D20E14F17001CA274 /* Frameworks */,
				4E725A7E20E14F17001CA274 /* Resources */,
			);
			buildRules = (
			);
			dependencies = (
				4E725A8220E14F17001CA274 /* PBXTargetDependency */,
			);
			name = Pokedex3UITests;
			productName = Pokedex3UITests;
			productReference = 4E725A8020E14F17001CA274 /* Pokedex3UITests.xctest */;
			productType = "com.apple.product-type.bundle.ui-testing";
		};
/* End PBXNativeTarget section */

/* Begin PBXProject section */
		4E725A5920E14F15001CA274 /* Project object */ = {
			isa = PBXProject;
			attributes = {
				LastSwiftUpdateCheck = 0940;
				LastUpgradeCheck = 0940;
				ORGANIZATIONNAME = "Shay Dubrovsky";
				TargetAttributes = {
					4E725A6020E14F15001CA274 = {
						CreatedOnToolsVersion = 9.4.1;
					};
					4E725A7420E14F17001CA274 = {
						CreatedOnToolsVersion = 9.4.1;
						TestTargetID = 4E725A6020E14F15001CA274;
					};
					4E725A7F20E14F17001CA274 = {
						CreatedOnToolsVersion = 9.4.1;
						TestTargetID = 4E725A6020E14F15001CA274;
					};
				};
			};
			buildConfigurationList = 4E725A5C20E14F15001CA274 /* Build configuration list for PBXProject "Pokedex3" */;
			compatibilityVersion = "Xcode 9.3";
			developmentRegion = en;
			hasScannedForEncodings = 0;
			knownRegions = (
				en,
				Base,
			);
			mainGroup = 4E725A5820E14F15001CA274;
			productRefGroup = 4E725A6220E14F15001CA274 /* Products */;
			projectDirPath = "";
			projectRoot = "";
			targets = (
				4E725A6020E14F15001CA274 /* Pokedex3 */,
				4E725A7420E14F17001CA274 /* Pokedex3Tests */,
				4E725A7F20E14F17001CA274 /* Pokedex3UITests */,
			);
		};
/* End PBXProject section */

/* Begin PBXResourcesBuildPhase section */
		4E725A5F20E14F15001CA274 /* Resources */ = {
			isa = PBXResourcesBuildPhase;
			buildActionMask = 2147483647;
			files = (
				4E725A6F20E14F17001CA274 /* LaunchScreen.storyboard in Resources */,
				4E725A6C20E14F17001CA274 /* Assets.xcassets in Resources */,
				4E725A6A20E14F15001CA274 /* Main.storyboard in Resources */,
			);
			runOnlyForDeploymentPostprocessing = 0;
		};
		4E725A7320E14F17001CA274 /* Resources */ = {
			isa = PBXResourcesBuildPhase;
			buildActionMask = 2147483647;
			files = (
			);
			runOnlyForDeploymentPostprocessing = 0;
		};
		4E725A7E20E14F17001CA274 /* Resources */ = {
			isa = PBXResourcesBuildPhase;
			buildActionMask = 2147483647;
			files = (
			);
			runOnlyForDeploymentPostprocessing = 0;
		};
/* End PBXResourcesBuildPhase section */

/* Begin PBXSourcesBuildPhase section */
		4E725A5D20E14F15001CA274 /* Sources */ = {
			isa = PBXSourcesBuildPhase;
			buildActionMask = 2147483647;
			files = (
				4E725A6720E14F15001CA274 /* ViewController.swift in Sources */,
				4E725A6520E14F15001CA274 /* AppDelegate.swift in Sources */,
			);
			runOnlyForDeploymentPostprocessing = 0;
		};
		4E725A7120E14F17001CA274 /* Sources */ = {
			isa = PBXSourcesBuildPhase;
			buildActionMask = 2147483647;
			files = (
				4E725A7A20E14F17001CA274 /* Pokedex3Tests.swift in Sources */,
			);
			runOnlyForDeploymentPostprocessing = 0;
		};
		4E725A7C20E14F17001CA274 /* Sources */ = {
			isa = PBXSourcesBuildPhase;
			buildActionMask = 2147483647;
			files = (
				4E725A8520E14F17001CA274 /* Pokedex3UITests.swift in Sources */,
			);
			runOnlyForDeploymentPostprocessing = 0;
		};
/* End PBXSourcesBuildPhase section */

/* Begin PBXTargetDependency section */
		4E725A7720E14F17001CA274 /* PBXTargetDependency */ = {
			isa = PBXTargetDependency;
			target = 4E725A6020E14F15001CA274 /* Pokedex3 */;
			targetProxy = 4E725A7620E14F17001CA274 /* PBXContainerItemProxy */;
		};
		4E725A8220E14F17001CA274 /* PBXTargetDependency */ = {
			isa = PBXTargetDependency;
			target = 4E725A6020E14F15001CA274 /* Pokedex3 */;
			targetProxy = 4E725A8120E14F17001CA274 /* PBXContainerItemProxy */;
		};
/* End PBXTargetDependency section */

/* Begin PBXVariantGroup section */
		4E725A6820E14F15001CA274 /* Main.storyboard */ = {
			isa = PBXVariantGroup;
			children = (
				4E725A6920E14F15001CA274 /* Base */,
			);
			name = Main.storyboard;
			sourceTree = "<group>";
		};
		4E725A6D20E14F17001CA274 /* LaunchScreen.storyboard */ = {
			isa = PBXVariantGroup;
			children = (
				4E725A6E20E14F17001CA274 /* Base */,
			);
			name = LaunchScreen.storyboard;
			sourceTree = "<group>";
		};
/* End PBXVariantGroup section */

/* Begin XCBuildConfiguration section */
		4E725A8720E14F17001CA274 /* Debug */ = {
			isa = XCBuildConfiguration;
			buildSettings = {
				ALWAYS_SEARCH_USER_PATHS = NO;
				CLANG_ANALYZER_NONNULL = YES;
				CLANG_ANALYZER_NUMBER_OBJECT_CONVERSION = YES_AGGRESSIVE;
				CLANG_CXX_LANGUAGE_STANDARD = "gnu++14";
				CLANG_CXX_LIBRARY = "libc++";
				CLANG_ENABLE_MODULES = YES;
				CLANG_ENABLE_OBJC_ARC = YES;
				CLANG_ENABLE_OBJC_WEAK = YES;
				CLANG_WARN_BLOCK_CAPTURE_AUTORELEASING = YES;
				CLANG_WARN_BOOL_CONVERSION = YES;
				CLANG_WARN_COMMA = YES;
				CLANG_WARN_CONSTANT_CONVERSION = YES;
				CLANG_WARN_DEPRECATED_OBJC_IMPLEMENTATIONS = YES;
				CLANG_WARN_DIRECT_OBJC_ISA_USAGE = YES_ERROR;
				CLANG_WARN_DOCUMENTATION_COMMENTS = YES;
				CLANG_WARN_EMPTY_BODY = YES;
				CLANG_WARN_ENUM_CONVERSION = YES;
				CLANG_WARN_INFINITE_RECURSION = YES;
				CLANG_WARN_INT_CONVERSION = YES;
				CLANG_WARN_NON_LITERAL_NULL_CONVERSION = YES;
				CLANG_WARN_OBJC_IMPLICIT_RETAIN_SELF = YES;
				CLANG_WARN_OBJC_LITERAL_CONVERSION = YES;
				CLANG_WARN_OBJC_ROOT_CLASS = YES_ERROR;
				CLANG_WARN_RANGE_LOOP_ANALYSIS = YES;
				CLANG_WARN_STRICT_PROTOTYPES = YES;
				CLANG_WARN_SUSPICIOUS_MOVE = YES;
				CLANG_WARN_UNGUARDED_AVAILABILITY = YES_AGGRESSIVE;
				CLANG_WARN_UNREACHABLE_CODE = YES;
				CLANG_WARN__DUPLICATE_METHOD_MATCH = YES;
				CODE_SIGN_IDENTITY = "iPhone Developer";
				COPY_PHASE_STRIP = NO;
				DEBUG_INFORMATION_FORMAT = dwarf;
				ENABLE_STRICT_OBJC_MSGSEND = YES;
				ENABLE_TESTABILITY = YES;
				GCC_C_LANGUAGE_STANDARD = gnu11;
				GCC_DYNAMIC_NO_PIC = NO;
				GCC_NO_COMMON_BLOCKS = YES;
				GCC_OPTIMIZATION_LEVEL = 0;
				GCC_PREPROCESSOR_DEFINITIONS = (
					"DEBUG=1",
					"$(inherited)",
				);
				GCC_WARN_64_TO_32_BIT_CONVERSION = YES;
				GCC_WARN_ABOUT_RETURN_TYPE = YES_ERROR;
				GCC_WARN_UNDECLARED_SELECTOR = YES;
				GCC_WARN_UNINITIALIZED_AUTOS = YES_AGGRESSIVE;
				GCC_WARN_UNUSED_FUNCTION = YES;
				GCC_WARN_UNUSED_VARIABLE = YES;
				IPHONEOS_DEPLOYMENT_TARGET = 11.4;
				MTL_ENABLE_DEBUG_INFO = YES;
				ONLY_ACTIVE_ARCH = YES;
				SDKROOT = iphoneos;
				SWIFT_ACTIVE_COMPILATION_CONDITIONS = DEBUG;
				SWIFT_OPTIMIZATION_LEVEL = "-Onone";
			};
			name = Debug;
		};
		4E725A8820E14F17001CA274 /* Release */ = {
			isa = XCBuildConfiguration;
			buildSettings = {
				ALWAYS_SEARCH_USER_PATHS = NO;
				CLANG_ANALYZER_NONNULL = YES;
				CLANG_ANALYZER_NUMBER_OBJECT_CONVERSION = YES_AGGRESSIVE;
				CLANG_CXX_LANGUAGE_STANDARD = "gnu++14";
				CLANG_CXX_LIBRARY = "libc++";
				CLANG_ENABLE_MODULES = YES;
				CLANG_ENABLE_OBJC_ARC = YES;
				CLANG_ENABLE_OBJC_WEAK = YES;
				CLANG_WARN_BLOCK_CAPTURE_AUTORELEASING = YES;
				CLANG_WARN_BOOL_CONVERSION = YES;
				CLANG_WARN_COMMA = YES;
				CLANG_WARN_CONSTANT_CONVERSION = YES;
				CLANG_WARN_DEPRECATED_OBJC_IMPLEMENTATIONS = YES;
				CLANG_WARN_DIRECT_OBJC_ISA_USAGE = YES_ERROR;
				CLANG_WARN_DOCUMENTATION_COMMENTS = YES;
				CLANG_WARN_EMPTY_BODY = YES;
				CLANG_WARN_ENUM_CONVERSION = YES;
				CLANG_WARN_INFINITE_RECURSION = YES;
				CLANG_WARN_INT_CONVERSION = YES;
				CLANG_WARN_NON_LITERAL_NULL_CONVERSION = YES;
				CLANG_WARN_OBJC_IMPLICIT_RETAIN_SELF = YES;
				CLANG_WARN_OBJC_LITERAL_CONVERSION = YES;
				CLANG_WARN_OBJC_ROOT_CLASS = YES_ERROR;
				CLANG_WARN_RANGE_LOOP_ANALYSIS = YES;
				CLANG_WARN_STRICT_PROTOTYPES = YES;
				CLANG_WARN_SUSPICIOUS_MOVE = YES;
				CLANG_WARN_UNGUARDED_AVAILABILITY = YES_AGGRESSIVE;
				CLANG_WARN_UNREACHABLE_CODE = YES;
				CLANG_WARN__DUPLICATE_METHOD_MATCH = YES;
				CODE_SIGN_IDENTITY = "iPhone Developer";
				COPY_PHASE_STRIP = NO;
				DEBUG_INFORMATION_FORMAT = "dwarf-with-dsym";
				ENABLE_NS_ASSERTIONS = NO;
				ENABLE_STRICT_OBJC_MSGSEND = YES;
				GCC_C_LANGUAGE_STANDARD = gnu11;
				GCC_NO_COMMON_BLOCKS = YES;
				GCC_WARN_64_TO_32_BIT_CONVERSION = YES;
				GCC_WARN_ABOUT_RETURN_TYPE = YES_ERROR;
				GCC_WARN_UNDECLARED_SELECTOR = YES;
				GCC_WARN_UNINITIALIZED_AUTOS = YES_AGGRESSIVE;
				GCC_WARN_UNUSED_FUNCTION = YES;
				GCC_WARN_UNUSED_VARIABLE = YES;
				IPHONEOS_DEPLOYMENT_TARGET = 11.4;
				MTL_ENABLE_DEBUG_INFO = NO;
				SDKROOT = iphoneos;
				SWIFT_COMPILATION_MODE = wholemodule;
				SWIFT_OPTIMIZATION_LEVEL = "-O";
				VALIDATE_PRODUCT = YES;
			};
			name = Release;
		};
		4E725A8A20E14F17001CA274 /* Debug */ = {
			isa = XCBuildConfiguration;
			buildSettings = {
				ASSETCATALOG_COMPILER_APPICON_NAME = AppIcon;
				CODE_SIGN_STYLE = Automatic;
				DEVELOPMENT_TEAM = J6845D779B;
				INFOPLIST_FILE = Pokedex3/Info.plist;
				LD_RUNPATH_SEARCH_PATHS = (
					"$(inherited)",
					"@executable_path/Frameworks",
				);
				PRODUCT_BUNDLE_IDENTIFIER = com.shaydubrovsky.Pokedex3;
				PRODUCT_NAME = "$(TARGET_NAME)";
				SWIFT_VERSION = 4.0;
				TARGETED_DEVICE_FAMILY = "1,2";
			};
			name = Debug;
		};
		4E725A8B20E14F17001CA274 /* Release */ = {
			isa = XCBuildConfiguration;
			buildSettings = {
				ASSETCATALOG_COMPILER_APPICON_NAME = AppIcon;
				CODE_SIGN_STYLE = Automatic;
				DEVELOPMENT_TEAM = J6845D779B;
				INFOPLIST_FILE = Pokedex3/Info.plist;
				LD_RUNPATH_SEARCH_PATHS = (
					"$(inherited)",
					"@executable_path/Frameworks",
				);
				PRODUCT_BUNDLE_IDENTIFIER = com.shaydubrovsky.Pokedex3;
				PRODUCT_NAME = "$(TARGET_NAME)";
				SWIFT_VERSION = 4.0;
				TARGETED_DEVICE_FAMILY = "1,2";
			};
			name = Release;
		};
		4E725A8D20E14F17001CA274 /* Debug */ = {
			isa = XCBuildConfiguration;
			buildSettings = {
				ALWAYS_EMBED_SWIFT_STANDARD_LIBRARIES = YES;
				BUNDLE_LOADER = "$(TEST_HOST)";
				CODE_SIGN_STYLE = Automatic;
				DEVELOPMENT_TEAM = J6845D779B;
				INFOPLIST_FILE = Pokedex3Tests/Info.plist;
				LD_RUNPATH_SEARCH_PATHS = (
					"$(inherited)",
					"@executable_path/Frameworks",
					"@loader_path/Frameworks",
				);
				PRODUCT_BUNDLE_IDENTIFIER = com.shaydubrovsky.Pokedex3Tests;
				PRODUCT_NAME = "$(TARGET_NAME)";
				SWIFT_VERSION = 4.0;
				TARGETED_DEVICE_FAMILY = "1,2";
				TEST_HOST = "$(BUILT_PRODUCTS_DIR)/Pokedex3.app/Pokedex3";
			};
			name = Debug;
		};
		4E725A8E20E14F17001CA274 /* Release */ = {
			isa = XCBuildConfiguration;
			buildSettings = {
				ALWAYS_EMBED_SWIFT_STANDARD_LIBRARIES = YES;
				BUNDLE_LOADER = "$(TEST_HOST)";
				CODE_SIGN_STYLE = Automatic;
				DEVELOPMENT_TEAM = J6845D779B;
				INFOPLIST_FILE = Pokedex3Tests/Info.plist;
				LD_RUNPATH_SEARCH_PATHS = (
					"$(inherited)",
					"@executable_path/Frameworks",
					"@loader_path/Frameworks",
				);
				PRODUCT_BUNDLE_IDENTIFIER = com.shaydubrovsky.Pokedex3Tests;
				PRODUCT_NAME = "$(TARGET_NAME)";
				SWIFT_VERSION = 4.0;
				TARGETED_DEVICE_FAMILY = "1,2";
				TEST_HOST = "$(BUILT_PRODUCTS_DIR)/Pokedex3.app/Pokedex3";
			};
			name = Release;
		};
		4E725A9020E14F17001CA274 /* Debug */ = {
			isa = XCBuildConfiguration;
			buildSettings = {
				ALWAYS_EMBED_SWIFT_STANDARD_LIBRARIES = YES;
				CODE_SIGN_STYLE = Automatic;
				DEVELOPMENT_TEAM = J6845D779B;
				INFOPLIST_FILE = Pokedex3UITests/Info.plist;
				LD_RUNPATH_SEARCH_PATHS = (
					"$(inherited)",
					"@executable_path/Frameworks",
					"@loader_path/Frameworks",
				);
				PRODUCT_BUNDLE_IDENTIFIER = com.shaydubrovsky.Pokedex3UITests;
				PRODUCT_NAME = "$(TARGET_NAME)";
				SWIFT_VERSION = 4.0;
				TARGETED_DEVICE_FAMILY = "1,2";
				TEST_TARGET_NAME = Pokedex3;
			};
			name = Debug;
		};
		4E725A9120E14F17001CA274 /* Release */ = {
			isa = XCBuildConfiguration;
			buildSettings = {
				ALWAYS_EMBED_SWIFT_STANDARD_LIBRARIES = YES;
				CODE_SIGN_STYLE = Automatic;
				DEVELOPMENT_TEAM = J6845D779B;
				INFOPLIST_FILE = Pokedex3UITests/Info.plist;
				LD_RUNPATH_SEARCH_PATHS = (
					"$(inherited)",
					"@executable_path/Frameworks",
					"@loader_path/Frameworks",
				);
				PRODUCT_BUNDLE_IDENTIFIER = com.shaydubrovsky.Pokedex3UITests;
				PRODUCT_NAME = "$(TARGET_NAME)";
				SWIFT_VERSION = 4.0;
				TARGETED_DEVICE_FAMILY = "1,2";
				TEST_TARGET_NAME = Pokedex3;
			};
			name = Release;
		};
/* End XCBuildConfiguration section */

/* Begin XCConfigurationList section */
		4E725A5C20E14F15001CA274 /* Build configuration list for PBXProject "Pokedex3" */ = {
			isa = XCConfigurationList;
			buildConfigurations = (
				4E725A8720E14F17001CA274 /* Debug */,
				4E725A8820E14F17001CA274 /* Release */,
			);
			defaultConfigurationIsVisible = 0;
			defaultConfigurationName = Release;
		};
		4E725A8920E14F17001CA274 /* Build configuration list for PBXNativeTarget "Pokedex3" */ = {
			isa = XCConfigurationList;
			buildConfigurations = (
				4E725A8A20E14F17001CA274 /* Debug */,
				4E725A8B20E14F17001CA274 /* Release */,
			);
			defaultConfigurationIsVisible = 0;
			defaultConfigurationName = Release;
		};
		4E725A8C20E14F17001CA274 /* Build configuration list for PBXNativeTarget "Pokedex3Tests" */ = {
			isa = XCConfigurationList;
			buildConfigurations = (
				4E725A8D20E14F17001CA274 /* Debug */,
				4E725A8E20E14F17001CA274 /* Release */,
			);
			defaultConfigurationIsVisible = 0;
			defaultConfigurationName = Release;
		};
		4E725A8F20E14F17001CA274 /* Build configuration list for PBXNativeTarget "Pokedex3UITests" */ = {
			isa = XCConfigurationList;
			buildConfigurations = (
				4E725A9020E14F17001CA274 /* Debug */,
				4E725A9120E14F17001CA274 /* Release */,
			);
			defaultConfigurationIsVisible = 0;
			defaultConfigurationName = Release;
		};
/* End XCConfigurationList section */
	};
	rootObject = 4E725A5920E14F15001CA274 /* Project object */;
}
